
Microsoft Visual Studio Solution File, Format Version 12.00
# Visual Studio 15
Project("{FAE04EC0-301F-11D3-BF4B-00C04F79EFBC}") = "Canvas2", "Canvas2.csproj", "{1F9CB531-3070-DC71-E567-2ACBB4F86CFF}"
EndProject
Project("{FAE04EC0-301F-11D3-BF4B-00C04F79EFBC}") = "Canvas2.Plugins", "Canvas2.Plugins.csproj", "{D3992298-F70C-083F-E813-054AAD8EA214}"
EndProject
Project("{FAE04EC0-301F-11D3-BF4B-00C04F79EFBC}") = "Canvas2.Editor.Plugins", "Canvas2.Editor.Plugins.csproj", "{C92EE8DA-E833-2244-5311-4C8ED2AA0080}"
EndProject
Global
	GlobalSection(SolutionConfigurationPlatforms) = preSolution
		Debug|Any CPU = Debug|Any CPU
		Release|Any CPU = Release|Any CPU
	EndGlobalSection
	GlobalSection(ProjectConfigurationPlatforms) = postSolution
		{1F9CB531-3070-DC71-E567-2ACBB4F86CFF}.Debug|Any CPU.ActiveCfg = Debug|Any CPU
		{1F9CB531-3070-DC71-E567-2ACBB4F86CFF}.Debug|Any CPU.Build.0 = Debug|Any CPU
		{1F9CB531-3070-DC71-E567-2ACBB4F86CFF}.Release|Any CPU.ActiveCfg = Release|Any CPU
		{1F9CB531-3070-DC71-E567-2ACBB4F86CFF}.Release|Any CPU.Build.0 = Release|Any CPU
		{D3992298-F70C-083F-E813-054AAD8EA214}.Debug|Any CPU.ActiveCfg = Debug|Any CPU
		{D3992298-F70C-083F-E813-054AAD8EA214}.Debug|Any CPU.Build.0 = Debug|Any CPU
		{D3992298-F70C-083F-E813-054AAD8EA214}.Release|Any CPU.ActiveCfg = Release|Any CPU
		{D3992298-F70C-083F-E813-054AAD8EA214}.Release|Any CPU.Build.0 = Release|Any CPU
		{C92EE8DA-E833-2244-5311-4C8ED2AA0080}.Debug|Any CPU.ActiveCfg = Debug|Any CPU
		{C92EE8DA-E833-2244-5311-4C8ED2AA0080}.Debug|Any CPU.Build.0 = Debug|Any CPU
		{C92EE8DA-E833-2244-5311-4C8ED2AA0080}.Release|Any CPU.ActiveCfg = Release|Any CPU
		{C92EE8DA-E833-2244-5311-4C8ED2AA0080}.Release|Any CPU.Build.0 = Release|Any CPU
	EndGlobalSection
	GlobalSection(SolutionProperties) = preSolution
		HideSolutionNode = FALSE
	EndGlobalSection
EndGlobal
